
Microsoft Visual Studio Solution File, Format Version 12.00
# Visual Studio Version 17
VisualStudioVersion = 17.11.35222.181
MinimumVisualStudioVersion = 10.0.40219.1
Project("{9A19103F-16F7-4668-BE54-9A1E7A4F7556}") = "OnlineShopWebApp", "OnlineShopWebApp\OnlineShopWebApp.csproj", "{6904FE62-86D5-45D0-B3D4-4C1C98CB2F07}"
EndProject
Project("{9A19103F-16F7-4668-BE54-9A1E7A4F7556}") = "OnlineShop.Db", "OnlineShop.Db\OnlineShop.Db.csproj", "{203E1FA4-21DC-4879-ABEF-7396B446AC3F}"
EndProject
Project("{9A19103F-16F7-4668-BE54-9A1E7A4F7556}") = "OnlineShopWebApi", "OnlineShopWebApi\OnlineShopWebApi.csproj", "{BB24AF82-D535-4A7E-9580-E6B38EAE8AB0}"
EndProject
Project("{E53339B2-1760-4266-BCC7-CA923CBCF16C}") = "docker-compose", "docker-compose.dcproj", "{6AAEEBAC-79E1-4044-A9F5-FD3A98EAEF7D}"
EndProject
Project("{FAE04EC0-301F-11D3-BF4B-00C04F79EFBC}") = "OnlineShop.SecretManager", "OnlineShop.SecretManager\OnlineShop.SecretManager.csproj", "{766F7EEB-BC21-4AF8-A18F-3535754FAB06}"
EndProject
Global
	GlobalSection(SolutionConfigurationPlatforms) = preSolution
		Debug|Any CPU = Debug|Any CPU
		Release|Any CPU = Release|Any CPU
	EndGlobalSection
	GlobalSection(ProjectConfigurationPlatforms) = postSolution
		{6904FE62-86D5-45D0-B3D4-4C1C98CB2F07}.Debug|Any CPU.ActiveCfg = Debug|Any CPU
		{6904FE62-86D5-45D0-B3D4-4C1C98CB2F07}.Debug|Any CPU.Build.0 = Debug|Any CPU
		{6904FE62-86D5-45D0-B3D4-4C1C98CB2F07}.Release|Any CPU.ActiveCfg = Release|Any CPU
		{6904FE62-86D5-45D0-B3D4-4C1C98CB2F07}.Release|Any CPU.Build.0 = Release|Any CPU
		{203E1FA4-21DC-4879-ABEF-7396B446AC3F}.Debug|Any CPU.ActiveCfg = Debug|Any CPU
		{203E1FA4-21DC-4879-ABEF-7396B446AC3F}.Debug|Any CPU.Build.0 = Debug|Any CPU
		{203E1FA4-21DC-4879-ABEF-7396B446AC3F}.Release|Any CPU.ActiveCfg = Release|Any CPU
		{203E1FA4-21DC-4879-ABEF-7396B446AC3F}.Release|Any CPU.Build.0 = Release|Any CPU
		{BB24AF82-D535-4A7E-9580-E6B38EAE8AB0}.Debug|Any CPU.ActiveCfg = Debug|Any CPU
		{BB24AF82-D535-4A7E-9580-E6B38EAE8AB0}.Debug|Any CPU.Build.0 = Debug|Any CPU
		{BB24AF82-D535-4A7E-9580-E6B38EAE8AB0}.Release|Any CPU.ActiveCfg = Release|Any CPU
		{BB24AF82-D535-4A7E-9580-E6B38EAE8AB0}.Release|Any CPU.Build.0 = Release|Any CPU
		{6AAEEBAC-79E1-4044-A9F5-FD3A98EAEF7D}.Debug|Any CPU.ActiveCfg = Debug|Any CPU
		{6AAEEBAC-79E1-4044-A9F5-FD3A98EAEF7D}.Debug|Any CPU.Build.0 = Debug|Any CPU
		{6AAEEBAC-79E1-4044-A9F5-FD3A98EAEF7D}.Release|Any CPU.ActiveCfg = Release|Any CPU
		{6AAEEBAC-79E1-4044-A9F5-FD3A98EAEF7D}.Release|Any CPU.Build.0 = Release|Any CPU
		{766F7EEB-BC21-4AF8-A18F-3535754FAB06}.Debug|Any CPU.ActiveCfg = Debug|Any CPU
		{766F7EEB-BC21-4AF8-A18F-3535754FAB06}.Debug|Any CPU.Build.0 = Debug|Any CPU
		{766F7EEB-BC21-4AF8-A18F-3535754FAB06}.Release|Any CPU.ActiveCfg = Release|Any CPU
		{766F7EEB-BC21-4AF8-A18F-3535754FAB06}.Release|Any CPU.Build.0 = Release|Any CPU
	EndGlobalSection
	GlobalSection(SolutionProperties) = preSolution
		HideSolutionNode = FALSE
	EndGlobalSection
	GlobalSection(ExtensibilityGlobals) = postSolution
		SolutionGuid = {E2E6B3E4-51AA-4EAA-A0E7-C09E54608E08}
	EndGlobalSection
EndGlobal
